{
  "name": "node-consumer",
  "version": "1.0.0",
  "lockfileVersion": 3,
  "requires": true,
  "packages": {
    "": {
      "version": "1.0.0",
      "license": "ISC",
      "dependencies": {
        "@bufbuild/protobuf": "^2.5.2",
        "ffi-grpc-client": "file:../../clients/node"
      }
    },
    "../..": {},
    "../../clients/node": {
      "name": "ffi-grpc-client",
      "version": "0.0.1",
      "dependencies": {
        "@grpc/grpc-js": "^1.13.4"
      },
      "devDependencies": {
        "typescript": "^5.8.3"
      }
    },
    "node_modules/@bufbuild/protobuf": {
      "version": "2.5.2",
      "resolved": "https://registry.npmjs.org/@bufbuild/protobuf/-/protobuf-2.5.2.tgz",
      "integrity": "sha512-foZ7qr0IsUBjzWIq+SuBLfdQCpJ1j8cTuNNT4owngTHoN5KsJb8L9t65fzz7SCeSWzescoOil/0ldqiL041ABg==",
      "license": "(Apache-2.0 AND BSD-3-Clause)"
    },
    "node_modules/ffi-grpc-client": {
      "resolved": "../../clients/node",
      "link": true
    }
  }
}
